// !$*UTF8*$!
{
	archiveVersion = 1;
	classes = {
	};
	objectVersion = 50;
	objects = {

/* Begin PBXBuildFile section */
		7AC6CEDC22DDFFF100012BED /* AppDelegate.swift in Sources */ = {isa = PBXBuildFile; fileRef = 7AC6CEDB22DDFFF100012BED /* AppDelegate.swift */; };
		7AC6CEDE22DDFFF100012BED /* ViewController.swift in Sources */ = {isa = PBXBuildFile; fileRef = 7AC6CEDD22DDFFF100012BED /* ViewController.swift */; };
		7AC6CEE122DDFFF100012BED /* Main.storyboard in Resources */ = {isa = PBXBuildFile; fileRef = 7AC6CEDF22DDFFF100012BED /* Main.storyboard */; };
		7AC6CEE322DDFFF300012BED /* Assets.xcassets in Resources */ = {isa = PBXBuildFile; fileRef = 7AC6CEE222DDFFF300012BED /* Assets.xcassets */; };
		7AC6CEE622DDFFF300012BED /* LaunchScreen.storyboard in Resources */ = {isa = PBXBuildFile; fileRef = 7AC6CEE422DDFFF300012BED /* LaunchScreen.storyboard */; };
		956A0F5A22E2D65A00E93BCD /* MainView.storyboard in Resources */ = {isa = PBXBuildFile; fileRef = 956A0F5922E2D65A00E93BCD /* MainView.storyboard */; };
		956A0F5C22E2DC7000E93BCD /* MainViewController.swift in Sources */ = {isa = PBXBuildFile; fileRef = 956A0F5B22E2DC7000E93BCD /* MainViewController.swift */; };
/* End PBXBuildFile section */

/* Begin PBXFileReference section */
		7AC6CED822DDFFF100012BED /* CinemaGraph.app */ = {isa = PBXFileReference; explicitFileType = wrapper.application; includeInIndex = 0; path = CinemaGraph.app; sourceTree = BUILT_PRODUCTS_DIR; };
		7AC6CEDB22DDFFF100012BED /* AppDelegate.swift */ = {isa = PBXFileReference; lastKnownFileType = sourcecode.swift; path = AppDelegate.swift; sourceTree = "<group>"; };
		7AC6CEDD22DDFFF100012BED /* ViewController.swift */ = {isa = PBXFileReference; lastKnownFileType = sourcecode.swift; path = ViewController.swift; sourceTree = "<group>"; };
		7AC6CEE022DDFFF100012BED /* Base */ = {isa = PBXFileReference; lastKnownFileType = file.storyboard; name = Base; path = Base.lproj/Main.storyboard; sourceTree = "<group>"; };
		7AC6CEE222DDFFF300012BED /* Assets.xcassets */ = {isa = PBXFileReference; lastKnownFileType = folder.assetcatalog; path = Assets.xcassets; sourceTree = "<group>"; };
		7AC6CEE522DDFFF300012BED /* Base */ = {isa = PBXFileReference; lastKnownFileType = file.storyboard; name = Base; path = Base.lproj/LaunchScreen.storyboard; sourceTree = "<group>"; };
		7AC6CEE722DDFFF300012BED /* Info.plist */ = {isa = PBXFileReference; lastKnownFileType = text.plist.xml; path = Info.plist; sourceTree = "<group>"; };
		956A0F5922E2D65A00E93BCD /* MainView.storyboard */ = {isa = PBXFileReference; lastKnownFileType = file.storyboard; path = MainView.storyboard; sourceTree = "<group>"; };
		956A0F5B22E2DC7000E93BCD /* MainViewController.swift */ = {isa = PBXFileReference; lastKnownFileType = sourcecode.swift; path = MainViewController.swift; sourceTree = "<group>"; };
/* End PBXFileReference section */

/* Begin PBXFrameworksBuildPhase section */
		7AC6CED522DDFFF100012BED /* Frameworks */ = {
			isa = PBXFrameworksBuildPhase;
			buildActionMask = 2147483647;
			files = (
			);
			runOnlyForDeploymentPostprocessing = 0;
		};
/* End PBXFrameworksBuildPhase section */

/* Begin PBXGroup section */
		7AC6CECF22DDFFF100012BED = {
			isa = PBXGroup;
			children = (
				7AC6CEDA22DDFFF100012BED /* CinemaGraph */,
				7AC6CED922DDFFF100012BED /* Products */,
			);
			sourceTree = "<group>";
		};
		7AC6CED922DDFFF100012BED /* Products */ = {
			isa = PBXGroup;
			children = (
				7AC6CED822DDFFF100012BED /* CinemaGraph.app */,
			);
			name = Products;
			sourceTree = "<group>";
		};
		7AC6CEDA22DDFFF100012BED /* CinemaGraph */ = {
			isa = PBXGroup;
			children = (
				7AC6CEDB22DDFFF100012BED /* AppDelegate.swift */,
				7AC6CEDD22DDFFF100012BED /* ViewController.swift */,
				956A0F5B22E2DC7000E93BCD /* MainViewController.swift */,
				7AC6CEDF22DDFFF100012BED /* Main.storyboard */,
				956A0F5922E2D65A00E93BCD /* MainView.storyboard */,
				7AC6CEE222DDFFF300012BED /* Assets.xcassets */,
				7AC6CEE422DDFFF300012BED /* LaunchScreen.storyboard */,
				7AC6CEE722DDFFF300012BED /* Info.plist */,
			);
			path = CinemaGraph;
			sourceTree = "<group>";
		};
/* End PBXGroup section */

/* Begin PBXNativeTarget section */
		7AC6CED722DDFFF100012BED /* CinemaGraph */ = {
			isa = PBXNativeTarget;
			buildConfigurationList = 7AC6CEEA22DDFFF300012BED /* Build configuration list for PBXNativeTarget "CinemaGraph" */;
			buildPhases = (
				7AC6CED422DDFFF100012BED /* Sources */,
				7AC6CED522DDFFF100012BED /* Frameworks */,
				7AC6CED622DDFFF100012BED /* Resources */,
			);
			buildRules = (
			);
			dependencies = (
			);
			name = CinemaGraph;
			productName = CinemaGraph;
			productReference = 7AC6CED822DDFFF100012BED /* CinemaGraph.app */;
			productType = "com.apple.product-type.application";
		};
/* End PBXNativeTarget section */

/* Begin PBXProject section */
		7AC6CED022DDFFF100012BED /* Project object */ = {
			isa = PBXProject;
			attributes = {
				LastSwiftUpdateCheck = 1020;
				LastUpgradeCheck = 1020;
				ORGANIZATIONNAME = JihoonPark;
				TargetAttributes = {
					7AC6CED722DDFFF100012BED = {
						CreatedOnToolsVersion = 10.2.1;
					};
				};
			};
			buildConfigurationList = 7AC6CED322DDFFF100012BED /* Build configuration list for PBXProject "CinemaGraph" */;
			compatibilityVersion = "Xcode 9.3";
			developmentRegion = en;
			hasScannedForEncodings = 0;
			knownRegions = (
				en,
				Base,
			);
			mainGroup = 7AC6CECF22DDFFF100012BED;
			productRefGroup = 7AC6CED922DDFFF100012BED /* Products */;
			projectDirPath = "";
			projectRoot = "";
			targets = (
				7AC6CED722DDFFF100012BED /* CinemaGraph */,
			);
		};
/* End PBXProject section */

/* Begin PBXResourcesBuildPhase section */
		7AC6CED622DDFFF100012BED /* Resources */ = {
			isa = PBXResourcesBuildPhase;
			buildActionMask = 2147483647;
			files = (
				7AC6CEE622DDFFF300012BED /* LaunchScreen.storyboard in Resources */,
				7AC6CEE322DDFFF300012BED /* Assets.xcassets in Resources */,
				956A0F5A22E2D65A00E93BCD /* MainView.storyboard in Resources */,
				7AC6CEE122DDFFF100012BED /* Main.storyboard in Resources */,
			);
			runOnlyForDeploymentPostprocessing = 0;
		};
/* End PBXResourcesBuildPhase section */

/* Begin PBXSourcesBuildPhase section */
		7AC6CED422DDFFF100012BED /* Sources */ = {
			isa = PBXSourcesBuildPhase;
			buildActionMask = 2147483647;
			files = (
				956A0F5C22E2DC7000E93BCD /* MainViewController.swift in Sources */,
				7AC6CEDE22DDFFF100012BED /* ViewController.swift in Sources */,
				7AC6CEDC22DDFFF100012BED /* AppDelegate.swift in Sources */,
			);
			runOnlyForDeploymentPostprocessing = 0;
		};
/* End PBXSourcesBuildPhase section */

/* Begin PBXVariantGroup section */
		7AC6CEDF22DDFFF100012BED /* Main.storyboard */ = {
			isa = PBXVariantGroup;
			children = (
				7AC6CEE022DDFFF100012BED /* Base */,
			);
			name = Main.storyboard;
			sourceTree = "<group>";
		};
		7AC6CEE422DDFFF300012BED /* LaunchScreen.storyboard */ = {
			isa = PBXVariantGroup;
			children = (
				7AC6CEE522DDFFF300012BED /* Base */,
			);
			name = LaunchScreen.storyboard;
			sourceTree = "<group>";
		};
/* End PBXVariantGroup section */

/* Begin XCBuildConfiguration section */
		7AC6CEE822DDFFF300012BED /* Debug */ = {
			isa = XCBuildConfiguration;
			buildSettings = {
				ALWAYS_SEARCH_USER_PATHS = NO;
				CLANG_ANALYZER_NONNULL = YES;
				CLANG_ANALYZER_NUMBER_OBJECT_CONVERSION = YES_AGGRESSIVE;
				CLANG_CXX_LANGUAGE_STANDARD = "gnu++14";
				CLANG_CXX_LIBRARY = "libc++";
				CLANG_ENABLE_MODULES = YES;
				CLANG_ENABLE_OBJC_ARC = YES;
				CLANG_ENABLE_OBJC_WEAK = YES;
				CLANG_WARN_BLOCK_CAPTURE_AUTORELEASING = YES;
				CLANG_WARN_BOOL_CONVERSION = YES;
				CLANG_WARN_COMMA = YES;
				CLANG_WARN_CONSTANT_CONVERSION = YES;
				CLANG_WARN_DEPRECATED_OBJC_IMPLEMENTATIONS = YES;
				CLANG_WARN_DIRECT_OBJC_ISA_USAGE = YES_ERROR;
				CLANG_WARN_DOCUMENTATION_COMMENTS = YES;
				CLANG_WARN_EMPTY_BODY = YES;
				CLANG_WARN_ENUM_CONVERSION = YES;
				CLANG_WARN_INFINITE_RECURSION = YES;
				CLANG_WARN_INT_CONVERSION = YES;
				CLANG_WARN_NON_LITERAL_NULL_CONVERSION = YES;
				CLANG_WARN_OBJC_IMPLICIT_RETAIN_SELF = YES;
				CLANG_WARN_OBJC_LITERAL_CONVERSION = YES;
				CLANG_WARN_OBJC_ROOT_CLASS = YES_ERROR;
				CLANG_WARN_RANGE_LOOP_ANALYSIS = YES;
				CLANG_WARN_STRICT_PROTOTYPES = YES;
				CLANG_WARN_SUSPICIOUS_MOVE = YES;
				CLANG_WARN_UNGUARDED_AVAILABILITY = YES_AGGRESSIVE;
				CLANG_WARN_UNREACHABLE_CODE = YES;
				CLANG_WARN__DUPLICATE_METHOD_MATCH = YES;
				CODE_SIGN_IDENTITY = "iPhone Developer";
				COPY_PHASE_STRIP = NO;
				DEBUG_INFORMATION_FORMAT = dwarf;
				ENABLE_STRICT_OBJC_MSGSEND = YES;
				ENABLE_TESTABILITY = YES;
				GCC_C_LANGUAGE_STANDARD = gnu11;
				GCC_DYNAMIC_NO_PIC = NO;
				GCC_NO_COMMON_BLOCKS = YES;
				GCC_OPTIMIZATION_LEVEL = 0;
				GCC_PREPROCESSOR_DEFINITIONS = (
					"DEBUG=1",
					"$(inherited)",
				);
				GCC_WARN_64_TO_32_BIT_CONVERSION = YES;
				GCC_WARN_ABOUT_RETURN_TYPE = YES_ERROR;
				GCC_WARN_UNDECLARED_SELECTOR = YES;
				GCC_WARN_UNINITIALIZED_AUTOS = YES_AGGRESSIVE;
				GCC_WARN_UNUSED_FUNCTION = YES;
				GCC_WARN_UNUSED_VARIABLE = YES;
				IPHONEOS_DEPLOYMENT_TARGET = 12.2;
				MTL_ENABLE_DEBUG_INFO = INCLUDE_SOURCE;
				MTL_FAST_MATH = YES;
				ONLY_ACTIVE_ARCH = YES;
				SDKROOT = iphoneos;
				SWIFT_ACTIVE_COMPILATION_CONDITIONS = DEBUG;
				SWIFT_OPTIMIZATION_LEVEL = "-Onone";
			};
			name = Debug;
		};
		7AC6CEE922DDFFF300012BED /* Release */ = {
			isa = XCBuildConfiguration;
			buildSettings = {
				ALWAYS_SEARCH_USER_PATHS = NO;
				CLANG_ANALYZER_NONNULL = YES;
				CLANG_ANALYZER_NUMBER_OBJECT_CONVERSION = YES_AGGRESSIVE;
				CLANG_CXX_LANGUAGE_STANDARD = "gnu++14";
				CLANG_CXX_LIBRARY = "libc++";
				CLANG_ENABLE_MODULES = YES;
				CLANG_ENABLE_OBJC_ARC = YES;
				CLANG_ENABLE_OBJC_WEAK = YES;
				CLANG_WARN_BLOCK_CAPTURE_AUTORELEASING = YES;
				CLANG_WARN_BOOL_CONVERSION = YES;
				CLANG_WARN_COMMA = YES;
				CLANG_WARN_CONSTANT_CONVERSION = YES;
				CLANG_WARN_DEPRECATED_OBJC_IMPLEMENTATIONS = YES;
				CLANG_WARN_DIRECT_OBJC_ISA_USAGE = YES_ERROR;
				CLANG_WARN_DOCUMENTATION_COMMENTS = YES;
				CLANG_WARN_EMPTY_BODY = YES;
				CLANG_WARN_ENUM_CONVERSION = YES;
				CLANG_WARN_INFINITE_RECURSION = YES;
				CLANG_WARN_INT_CONVERSION = YES;
				CLANG_WARN_NON_LITERAL_NULL_CONVERSION = YES;
				CLANG_WARN_OBJC_IMPLICIT_RETAIN_SELF = YES;
				CLANG_WARN_OBJC_LITERAL_CONVERSION = YES;
				CLANG_WARN_OBJC_ROOT_CLASS = YES_ERROR;
				CLANG_WARN_RANGE_LOOP_ANALYSIS = YES;
				CLANG_WARN_STRICT_PROTOTYPES = YES;
				CLANG_WARN_SUSPICIOUS_MOVE = YES;
				CLANG_WARN_UNGUARDED_AVAILABILITY = YES_AGGRESSIVE;
				CLANG_WARN_UNREACHABLE_CODE = YES;
				CLANG_WARN__DUPLICATE_METHOD_MATCH = YES;
				CODE_SIGN_IDENTITY = "iPhone Developer";
				COPY_PHASE_STRIP = NO;
				DEBUG_INFORMATION_FORMAT = "dwarf-with-dsym";
				ENABLE_NS_ASSERTIONS = NO;
				ENABLE_STRICT_OBJC_MSGSEND = YES;
				GCC_C_LANGUAGE_STANDARD = gnu11;
				GCC_NO_COMMON_BLOCKS = YES;
				GCC_WARN_64_TO_32_BIT_CONVERSION = YES;
				GCC_WARN_ABOUT_RETURN_TYPE = YES_ERROR;
				GCC_WARN_UNDECLARED_SELECTOR = YES;
				GCC_WARN_UNINITIALIZED_AUTOS = YES_AGGRESSIVE;
				GCC_WARN_UNUSED_FUNCTION = YES;
				GCC_WARN_UNUSED_VARIABLE = YES;
				IPHONEOS_DEPLOYMENT_TARGET = 12.2;
				MTL_ENABLE_DEBUG_INFO = NO;
				MTL_FAST_MATH = YES;
				SDKROOT = iphoneos;
				SWIFT_COMPILATION_MODE = wholemodule;
				SWIFT_OPTIMIZATION_LEVEL = "-O";
				VALIDATE_PRODUCT = YES;
			};
			name = Release;
		};
		7AC6CEEB22DDFFF300012BED /* Debug */ = {
			isa = XCBuildConfiguration;
			buildSettings = {
				ASSETCATALOG_COMPILER_APPICON_NAME = AppIcon;
				CODE_SIGN_STYLE = Automatic;
				DEVELOPMENT_TEAM = Z73D4U4HW8;
				INFOPLIST_FILE = CinemaGraph/Info.plist;
				LD_RUNPATH_SEARCH_PATHS = (
					"$(inherited)",
					"@executable_path/Frameworks",
				);
				PRODUCT_BUNDLE_IDENTIFIER = JihoonPark.CinemaGraph;
				PRODUCT_NAME = "$(TARGET_NAME)";
				SWIFT_VERSION = 5.0;
				TARGETED_DEVICE_FAMILY = "1,2";
			};
			name = Debug;
		};
		7AC6CEEC22DDFFF300012BED /* Release */ = {
			isa = XCBuildConfiguration;
			buildSettings = {
				ASSETCATALOG_COMPILER_APPICON_NAME = AppIcon;
				CODE_SIGN_STYLE = Automatic;
				DEVELOPMENT_TEAM = Z73D4U4HW8;
				INFOPLIST_FILE = CinemaGraph/Info.plist;
				LD_RUNPATH_SEARCH_PATHS = (
					"$(inherited)",
					"@executable_path/Frameworks",
				);
				PRODUCT_BUNDLE_IDENTIFIER = JihoonPark.CinemaGraph;
				PRODUCT_NAME = "$(TARGET_NAME)";
				SWIFT_VERSION = 5.0;
				TARGETED_DEVICE_FAMILY = "1,2";
			};
			name = Release;
		};
/* End XCBuildConfiguration section */

/* Begin XCConfigurationList section */
		7AC6CED322DDFFF100012BED /* Build configuration list for PBXProject "CinemaGraph" */ = {
			isa = XCConfigurationList;
			buildConfigurations = (
				7AC6CEE822DDFFF300012BED /* Debug */,
				7AC6CEE922DDFFF300012BED /* Release */,
			);
			defaultConfigurationIsVisible = 0;
			defaultConfigurationName = Release;
		};
		7AC6CEEA22DDFFF300012BED /* Build configuration list for PBXNativeTarget "CinemaGraph" */ = {
			isa = XCConfigurationList;
			buildConfigurations = (
				7AC6CEEB22DDFFF300012BED /* Debug */,
				7AC6CEEC22DDFFF300012BED /* Release */,
			);
			defaultConfigurationIsVisible = 0;
			defaultConfigurationName = Release;
		};
/* End XCConfigurationList section */
	};
	rootObject = 7AC6CED022DDFFF100012BED /* Project object */;
}
